
Microsoft Visual Studio Solution File, Format Version 12.00
# Visual Studio Version 16
VisualStudioVersion = 16.0.30002.166
MinimumVisualStudioVersion = 10.0.40219.1
Project("{FAE04EC0-301F-11D3-BF4B-00C04F79EFBC}") = "HelpMeNeighbour", "HelpMeNeighbour\HelpMeNeighbour.csproj", "{014FFEFB-0A29-46BC-8CFE-739005AF5D93}"
EndProject
Global
	GlobalSection(SolutionConfigurationPlatforms) = preSolution
		Debug|Any CPU = Debug|Any CPU
		Release|Any CPU = Release|Any CPU
	EndGlobalSection
	GlobalSection(ProjectConfigurationPlatforms) = postSolution
		{014FFEFB-0A29-46BC-8CFE-739005AF5D93}.Debug|Any CPU.ActiveCfg = Debug|Any CPU
		{014FFEFB-0A29-46BC-8CFE-739005AF5D93}.Debug|Any CPU.Build.0 = Debug|Any CPU
		{014FFEFB-0A29-46BC-8CFE-739005AF5D93}.Release|Any CPU.ActiveCfg = Release|Any CPU
		{014FFEFB-0A29-46BC-8CFE-739005AF5D93}.Release|Any CPU.Build.0 = Release|Any CPU
	EndGlobalSection
	GlobalSection(SolutionProperties) = preSolution
		HideSolutionNode = FALSE
	EndGlobalSection
	GlobalSection(ExtensibilityGlobals) = postSolution
		SolutionGuid = {3EDD1F33-9A3C-4C7F-A05A-D7ED75D0135E}
	EndGlobalSection
EndGlobal
